
Microsoft Visual Studio Solution File, Format Version 12.00
# Visual Studio Version 16
VisualStudioVersion = 16.0.29920.165
MinimumVisualStudioVersion = 10.0.40219.1
Project("{FAE04EC0-301F-11D3-BF4B-00C04F79EFBC}") = "GiftreteMobileApp", "GiftreteMobileApp.csproj", "{36B66EB1-55D0-4CB2-89EA-8081E3C4E626}"
EndProject
Global
	GlobalSection(SolutionConfigurationPlatforms) = preSolution
		Debug|Any CPU = Debug|Any CPU
		Release|Any CPU = Release|Any CPU
	EndGlobalSection
	GlobalSection(ProjectConfigurationPlatforms) = postSolution
		{36B66EB1-55D0-4CB2-89EA-8081E3C4E626}.Debug|Any CPU.ActiveCfg = Debug|Any CPU
		{36B66EB1-55D0-4CB2-89EA-8081E3C4E626}.Debug|Any CPU.Build.0 = Debug|Any CPU
		{36B66EB1-55D0-4CB2-89EA-8081E3C4E626}.Release|Any CPU.ActiveCfg = Release|Any CPU
		{36B66EB1-55D0-4CB2-89EA-8081E3C4E626}.Release|Any CPU.Build.0 = Release|Any CPU
	EndGlobalSection
	GlobalSection(SolutionProperties) = preSolution
		HideSolutionNode = FALSE
	EndGlobalSection
	GlobalSection(ExtensibilityGlobals) = postSolution
		SolutionGuid = {CF477C0D-9918-48E0-9116-9474C7488514}
	EndGlobalSection
EndGlobal
